{
  "name": "ShenFoodV2",
  "lockfileVersion": 2,
  "requires": true,
  "packages": {
    "": {
      "dependencies": {
        "zenscroll": "^4.0.2"
      }
    },
    "node_modules/zenscroll": {
      "version": "4.0.2",
      "resolved": "https://registry.npmjs.org/zenscroll/-/zenscroll-4.0.2.tgz",
      "integrity": "sha1-6NV3TRwHOKR7z6hynzcS4t7d6yU="
    }
  },
  "dependencies": {
    "zenscroll": {
      "version": "4.0.2",
      "resolved": "https://registry.npmjs.org/zenscroll/-/zenscroll-4.0.2.tgz",
      "integrity": "sha1-6NV3TRwHOKR7z6hynzcS4t7d6yU="
    }
  }
}
